// !$*UTF8*$!
{
	archiveVersion = 1;
	classes = {
	};
	objectVersion = 46;
	objects = {

/* Begin PBXBuildFile section */
		79311AF51CBEB90B00AF06BC /* AppDelegate.swift in Sources */ = {isa = PBXBuildFile; fileRef = 79311AF41CBEB90B00AF06BC /* AppDelegate.swift */; };
		79311AF71CBEB90B00AF06BC /* FirstViewController.swift in Sources */ = {isa = PBXBuildFile; fileRef = 79311AF61CBEB90B00AF06BC /* FirstViewController.swift */; };
		79311AF91CBEB90B00AF06BC /* SecondViewController.swift in Sources */ = {isa = PBXBuildFile; fileRef = 79311AF81CBEB90B00AF06BC /* SecondViewController.swift */; };
		79311AFC1CBEB90B00AF06BC /* Main.storyboard in Resources */ = {isa = PBXBuildFile; fileRef = 79311AFA1CBEB90B00AF06BC /* Main.storyboard */; };
		79311AFE1CBEB90B00AF06BC /* Assets.xcassets in Resources */ = {isa = PBXBuildFile; fileRef = 79311AFD1CBEB90B00AF06BC /* Assets.xcassets */; };
		79311B011CBEB90B00AF06BC /* LaunchScreen.storyboard in Resources */ = {isa = PBXBuildFile; fileRef = 79311AFF1CBEB90B00AF06BC /* LaunchScreen.storyboard */; };
		79311B0C1CBEB90B00AF06BC /* Whisky_By_The_NumbersTests.swift in Sources */ = {isa = PBXBuildFile; fileRef = 79311B0B1CBEB90B00AF06BC /* Whisky_By_The_NumbersTests.swift */; };
		79311B171CBEB90B00AF06BC /* Whisky_By_The_NumbersUITests.swift in Sources */ = {isa = PBXBuildFile; fileRef = 79311B161CBEB90B00AF06BC /* Whisky_By_The_NumbersUITests.swift */; };
/* End PBXBuildFile section */

/* Begin PBXContainerItemProxy section */
		79311B081CBEB90B00AF06BC /* PBXContainerItemProxy */ = {
			isa = PBXContainerItemProxy;
			containerPortal = 79311AE91CBEB90A00AF06BC /* Project object */;
			proxyType = 1;
			remoteGlobalIDString = 79311AF01CBEB90A00AF06BC;
			remoteInfo = "Whisky By The Numbers";
		};
		79311B131CBEB90B00AF06BC /* PBXContainerItemProxy */ = {
			isa = PBXContainerItemProxy;
			containerPortal = 79311AE91CBEB90A00AF06BC /* Project object */;
			proxyType = 1;
			remoteGlobalIDString = 79311AF01CBEB90A00AF06BC;
			remoteInfo = "Whisky By The Numbers";
		};
/* End PBXContainerItemProxy section */

/* Begin PBXFileReference section */
		79311AF11CBEB90A00AF06BC /* Whisky By The Numbers.app */ = {isa = PBXFileReference; explicitFileType = wrapper.application; includeInIndex = 0; path = "Whisky By The Numbers.app"; sourceTree = BUILT_PRODUCTS_DIR; };
		79311AF41CBEB90B00AF06BC /* AppDelegate.swift */ = {isa = PBXFileReference; lastKnownFileType = sourcecode.swift; path = AppDelegate.swift; sourceTree = "<group>"; };
		79311AF61CBEB90B00AF06BC /* FirstViewController.swift */ = {isa = PBXFileReference; lastKnownFileType = sourcecode.swift; path = FirstViewController.swift; sourceTree = "<group>"; };
		79311AF81CBEB90B00AF06BC /* SecondViewController.swift */ = {isa = PBXFileReference; lastKnownFileType = sourcecode.swift; path = SecondViewController.swift; sourceTree = "<group>"; };
		79311AFB1CBEB90B00AF06BC /* Base */ = {isa = PBXFileReference; lastKnownFileType = file.storyboard; name = Base; path = Base.lproj/Main.storyboard; sourceTree = "<group>"; };
		79311AFD1CBEB90B00AF06BC /* Assets.xcassets */ = {isa = PBXFileReference; lastKnownFileType = folder.assetcatalog; path = Assets.xcassets; sourceTree = "<group>"; };
		79311B001CBEB90B00AF06BC /* Base */ = {isa = PBXFileReference; lastKnownFileType = file.storyboard; name = Base; path = Base.lproj/LaunchScreen.storyboard; sourceTree = "<group>"; };
		79311B021CBEB90B00AF06BC /* Info.plist */ = {isa = PBXFileReference; lastKnownFileType = text.plist.xml; path = Info.plist; sourceTree = "<group>"; };
		79311B071CBEB90B00AF06BC /* Whisky By The NumbersTests.xctest */ = {isa = PBXFileReference; explicitFileType = wrapper.cfbundle; includeInIndex = 0; path = "Whisky By The NumbersTests.xctest"; sourceTree = BUILT_PRODUCTS_DIR; };
		79311B0B1CBEB90B00AF06BC /* Whisky_By_The_NumbersTests.swift */ = {isa = PBXFileReference; lastKnownFileType = sourcecode.swift; path = Whisky_By_The_NumbersTests.swift; sourceTree = "<group>"; };
		79311B0D1CBEB90B00AF06BC /* Info.plist */ = {isa = PBXFileReference; lastKnownFileType = text.plist.xml; path = Info.plist; sourceTree = "<group>"; };
		79311B121CBEB90B00AF06BC /* Whisky By The NumbersUITests.xctest */ = {isa = PBXFileReference; explicitFileType = wrapper.cfbundle; includeInIndex = 0; path = "Whisky By The NumbersUITests.xctest"; sourceTree = BUILT_PRODUCTS_DIR; };
		79311B161CBEB90B00AF06BC /* Whisky_By_The_NumbersUITests.swift */ = {isa = PBXFileReference; lastKnownFileType = sourcecode.swift; path = Whisky_By_The_NumbersUITests.swift; sourceTree = "<group>"; };
		79311B181CBEB90B00AF06BC /* Info.plist */ = {isa = PBXFileReference; lastKnownFileType = text.plist.xml; path = Info.plist; sourceTree = "<group>"; };
/* End PBXFileReference section */

/* Begin PBXFrameworksBuildPhase section */
		79311AEE1CBEB90A00AF06BC /* Frameworks */ = {
			isa = PBXFrameworksBuildPhase;
			buildActionMask = 2147483647;
			files = (
			);
			runOnlyForDeploymentPostprocessing = 0;
		};
		79311B041CBEB90B00AF06BC /* Frameworks */ = {
			isa = PBXFrameworksBuildPhase;
			buildActionMask = 2147483647;
			files = (
			);
			runOnlyForDeploymentPostprocessing = 0;
		};
		79311B0F1CBEB90B00AF06BC /* Frameworks */ = {
			isa = PBXFrameworksBuildPhase;
			buildActionMask = 2147483647;
			files = (
			);
			runOnlyForDeploymentPostprocessing = 0;
		};
/* End PBXFrameworksBuildPhase section */

/* Begin PBXGroup section */
		79311AE81CBEB90A00AF06BC = {
			isa = PBXGroup;
			children = (
				79311AF31CBEB90A00AF06BC /* Whisky By The Numbers */,
				79311B0A1CBEB90B00AF06BC /* Whisky By The NumbersTests */,
				79311B151CBEB90B00AF06BC /* Whisky By The NumbersUITests */,
				79311AF21CBEB90A00AF06BC /* Products */,
			);
			sourceTree = "<group>";
		};
		79311AF21CBEB90A00AF06BC /* Products */ = {
			isa = PBXGroup;
			children = (
				79311AF11CBEB90A00AF06BC /* Whisky By The Numbers.app */,
				79311B071CBEB90B00AF06BC /* Whisky By The NumbersTests.xctest */,
				79311B121CBEB90B00AF06BC /* Whisky By The NumbersUITests.xctest */,
			);
			name = Products;
			sourceTree = "<group>";
		};
		79311AF31CBEB90A00AF06BC /* Whisky By The Numbers */ = {
			isa = PBXGroup;
			children = (
				79311AF41CBEB90B00AF06BC /* AppDelegate.swift */,
				79311AF61CBEB90B00AF06BC /* FirstViewController.swift */,
				79311AF81CBEB90B00AF06BC /* SecondViewController.swift */,
				79311AFA1CBEB90B00AF06BC /* Main.storyboard */,
				79311AFD1CBEB90B00AF06BC /* Assets.xcassets */,
				79311AFF1CBEB90B00AF06BC /* LaunchScreen.storyboard */,
				79311B021CBEB90B00AF06BC /* Info.plist */,
			);
			path = "Whisky By The Numbers";
			sourceTree = "<group>";
		};
		79311B0A1CBEB90B00AF06BC /* Whisky By The NumbersTests */ = {
			isa = PBXGroup;
			children = (
				79311B0B1CBEB90B00AF06BC /* Whisky_By_The_NumbersTests.swift */,
				79311B0D1CBEB90B00AF06BC /* Info.plist */,
			);
			path = "Whisky By The NumbersTests";
			sourceTree = "<group>";
		};
		79311B151CBEB90B00AF06BC /* Whisky By The NumbersUITests */ = {
			isa = PBXGroup;
			children = (
				79311B161CBEB90B00AF06BC /* Whisky_By_The_NumbersUITests.swift */,
				79311B181CBEB90B00AF06BC /* Info.plist */,
			);
			path = "Whisky By The NumbersUITests";
			sourceTree = "<group>";
		};
/* End PBXGroup section */

/* Begin PBXNativeTarget section */
		79311AF01CBEB90A00AF06BC /* Whisky By The Numbers */ = {
			isa = PBXNativeTarget;
			buildConfigurationList = 79311B1B1CBEB90B00AF06BC /* Build configuration list for PBXNativeTarget "Whisky By The Numbers" */;
			buildPhases = (
				79311AED1CBEB90A00AF06BC /* Sources */,
				79311AEE1CBEB90A00AF06BC /* Frameworks */,
				79311AEF1CBEB90A00AF06BC /* Resources */,
			);
			buildRules = (
			);
			dependencies = (
			);
			name = "Whisky By The Numbers";
			productName = "Whisky By The Numbers";
			productReference = 79311AF11CBEB90A00AF06BC /* Whisky By The Numbers.app */;
			productType = "com.apple.product-type.application";
		};
		79311B061CBEB90B00AF06BC /* Whisky By The NumbersTests */ = {
			isa = PBXNativeTarget;
			buildConfigurationList = 79311B1E1CBEB90B00AF06BC /* Build configuration list for PBXNativeTarget "Whisky By The NumbersTests" */;
			buildPhases = (
				79311B031CBEB90B00AF06BC /* Sources */,
				79311B041CBEB90B00AF06BC /* Frameworks */,
				79311B051CBEB90B00AF06BC /* Resources */,
			);
			buildRules = (
			);
			dependencies = (
				79311B091CBEB90B00AF06BC /* PBXTargetDependency */,
			);
			name = "Whisky By The NumbersTests";
			productName = "Whisky By The NumbersTests";
			productReference = 79311B071CBEB90B00AF06BC /* Whisky By The NumbersTests.xctest */;
			productType = "com.apple.product-type.bundle.unit-test";
		};
		79311B111CBEB90B00AF06BC /* Whisky By The NumbersUITests */ = {
			isa = PBXNativeTarget;
			buildConfigurationList = 79311B211CBEB90B00AF06BC /* Build configuration list for PBXNativeTarget "Whisky By The NumbersUITests" */;
			buildPhases = (
				79311B0E1CBEB90B00AF06BC /* Sources */,
				79311B0F1CBEB90B00AF06BC /* Frameworks */,
				79311B101CBEB90B00AF06BC /* Resources */,
			);
			buildRules = (
			);
			dependencies = (
				79311B141CBEB90B00AF06BC /* PBXTargetDependency */,
			);
			name = "Whisky By The NumbersUITests";
			productName = "Whisky By The NumbersUITests";
			productReference = 79311B121CBEB90B00AF06BC /* Whisky By The NumbersUITests.xctest */;
			productType = "com.apple.product-type.bundle.ui-testing";
		};
/* End PBXNativeTarget section */

/* Begin PBXProject section */
		79311AE91CBEB90A00AF06BC /* Project object */ = {
			isa = PBXProject;
			attributes = {
				LastSwiftUpdateCheck = 0720;
				LastUpgradeCheck = 0720;
				ORGANIZATIONNAME = ByNumbers;
				TargetAttributes = {
					79311AF01CBEB90A00AF06BC = {
						CreatedOnToolsVersion = 7.2.1;
					};
					79311B061CBEB90B00AF06BC = {
						CreatedOnToolsVersion = 7.2.1;
						TestTargetID = 79311AF01CBEB90A00AF06BC;
					};
					79311B111CBEB90B00AF06BC = {
						CreatedOnToolsVersion = 7.2.1;
						TestTargetID = 79311AF01CBEB90A00AF06BC;
					};
				};
			};
			buildConfigurationList = 79311AEC1CBEB90A00AF06BC /* Build configuration list for PBXProject "Whisky By The Numbers" */;
			compatibilityVersion = "Xcode 3.2";
			developmentRegion = English;
			hasScannedForEncodings = 0;
			knownRegions = (
				en,
				Base,
			);
			mainGroup = 79311AE81CBEB90A00AF06BC;
			productRefGroup = 79311AF21CBEB90A00AF06BC /* Products */;
			projectDirPath = "";
			projectRoot = "";
			targets = (
				79311AF01CBEB90A00AF06BC /* Whisky By The Numbers */,
				79311B061CBEB90B00AF06BC /* Whisky By The NumbersTests */,
				79311B111CBEB90B00AF06BC /* Whisky By The NumbersUITests */,
			);
		};
/* End PBXProject section */

/* Begin PBXResourcesBuildPhase section */
		79311AEF1CBEB90A00AF06BC /* Resources */ = {
			isa = PBXResourcesBuildPhase;
			buildActionMask = 2147483647;
			files = (
				79311B011CBEB90B00AF06BC /* LaunchScreen.storyboard in Resources */,
				79311AFE1CBEB90B00AF06BC /* Assets.xcassets in Resources */,
				79311AFC1CBEB90B00AF06BC /* Main.storyboard in Resources */,
			);
			runOnlyForDeploymentPostprocessing = 0;
		};
		79311B051CBEB90B00AF06BC /* Resources */ = {
			isa = PBXResourcesBuildPhase;
			buildActionMask = 2147483647;
			files = (
			);
			runOnlyForDeploymentPostprocessing = 0;
		};
		79311B101CBEB90B00AF06BC /* Resources */ = {
			isa = PBXResourcesBuildPhase;
			buildActionMask = 2147483647;
			files = (
			);
			runOnlyForDeploymentPostprocessing = 0;
		};
/* End PBXResourcesBuildPhase section */

/* Begin PBXSourcesBuildPhase section */
		79311AED1CBEB90A00AF06BC /* Sources */ = {
			isa = PBXSourcesBuildPhase;
			buildActionMask = 2147483647;
			files = (
				79311AF91CBEB90B00AF06BC /* SecondViewController.swift in Sources */,
				79311AF51CBEB90B00AF06BC /* AppDelegate.swift in Sources */,
				79311AF71CBEB90B00AF06BC /* FirstViewController.swift in Sources */,
			);
			runOnlyForDeploymentPostprocessing = 0;
		};
		79311B031CBEB90B00AF06BC /* Sources */ = {
			isa = PBXSourcesBuildPhase;
			buildActionMask = 2147483647;
			files = (
				79311B0C1CBEB90B00AF06BC /* Whisky_By_The_NumbersTests.swift in Sources */,
			);
			runOnlyForDeploymentPostprocessing = 0;
		};
		79311B0E1CBEB90B00AF06BC /* Sources */ = {
			isa = PBXSourcesBuildPhase;
			buildActionMask = 2147483647;
			files = (
				79311B171CBEB90B00AF06BC /* Whisky_By_The_NumbersUITests.swift in Sources */,
			);
			runOnlyForDeploymentPostprocessing = 0;
		};
/* End PBXSourcesBuildPhase section */

/* Begin PBXTargetDependency section */
		79311B091CBEB90B00AF06BC /* PBXTargetDependency */ = {
			isa = PBXTargetDependency;
			target = 79311AF01CBEB90A00AF06BC /* Whisky By The Numbers */;
			targetProxy = 79311B081CBEB90B00AF06BC /* PBXContainerItemProxy */;
		};
		79311B141CBEB90B00AF06BC /* PBXTargetDependency */ = {
			isa = PBXTargetDependency;
			target = 79311AF01CBEB90A00AF06BC /* Whisky By The Numbers */;
			targetProxy = 79311B131CBEB90B00AF06BC /* PBXContainerItemProxy */;
		};
/* End PBXTargetDependency section */

/* Begin PBXVariantGroup section */
		79311AFA1CBEB90B00AF06BC /* Main.storyboard */ = {
			isa = PBXVariantGroup;
			children = (
				79311AFB1CBEB90B00AF06BC /* Base */,
			);
			name = Main.storyboard;
			sourceTree = "<group>";
		};
		79311AFF1CBEB90B00AF06BC /* LaunchScreen.storyboard */ = {
			isa = PBXVariantGroup;
			children = (
				79311B001CBEB90B00AF06BC /* Base */,
			);
			name = LaunchScreen.storyboard;
			sourceTree = "<group>";
		};
/* End PBXVariantGroup section */

/* Begin XCBuildConfiguration section */
		79311B191CBEB90B00AF06BC /* Debug */ = {
			isa = XCBuildConfiguration;
			buildSettings = {
				ALWAYS_SEARCH_USER_PATHS = NO;
				CLANG_CXX_LANGUAGE_STANDARD = "gnu++0x";
				CLANG_CXX_LIBRARY = "libc++";
				CLANG_ENABLE_MODULES = YES;
				CLANG_ENABLE_OBJC_ARC = YES;
				CLANG_WARN_BOOL_CONVERSION = YES;
				CLANG_WARN_CONSTANT_CONVERSION = YES;
				CLANG_WARN_DIRECT_OBJC_ISA_USAGE = YES_ERROR;
				CLANG_WARN_EMPTY_BODY = YES;
				CLANG_WARN_ENUM_CONVERSION = YES;
				CLANG_WARN_INT_CONVERSION = YES;
				CLANG_WARN_OBJC_ROOT_CLASS = YES_ERROR;
				CLANG_WARN_UNREACHABLE_CODE = YES;
				CLANG_WARN__DUPLICATE_METHOD_MATCH = YES;
				"CODE_SIGN_IDENTITY[sdk=iphoneos*]" = "iPhone Developer";
				COPY_PHASE_STRIP = NO;
				DEBUG_INFORMATION_FORMAT = dwarf;
				ENABLE_STRICT_OBJC_MSGSEND = YES;
				ENABLE_TESTABILITY = YES;
				GCC_C_LANGUAGE_STANDARD = gnu99;
				GCC_DYNAMIC_NO_PIC = NO;
				GCC_NO_COMMON_BLOCKS = YES;
				GCC_OPTIMIZATION_LEVEL = 0;
				GCC_PREPROCESSOR_DEFINITIONS = (
					"DEBUG=1",
					"$(inherited)",
				);
				GCC_WARN_64_TO_32_BIT_CONVERSION = YES;
				GCC_WARN_ABOUT_RETURN_TYPE = YES_ERROR;
				GCC_WARN_UNDECLARED_SELECTOR = YES;
				GCC_WARN_UNINITIALIZED_AUTOS = YES_AGGRESSIVE;
				GCC_WARN_UNUSED_FUNCTION = YES;
				GCC_WARN_UNUSED_VARIABLE = YES;
				IPHONEOS_DEPLOYMENT_TARGET = 9.2;
				MTL_ENABLE_DEBUG_INFO = YES;
				ONLY_ACTIVE_ARCH = YES;
				SDKROOT = iphoneos;
				SWIFT_OPTIMIZATION_LEVEL = "-Onone";
				TARGETED_DEVICE_FAMILY = "1,2";
			};
			name = Debug;
		};
		79311B1A1CBEB90B00AF06BC /* Release */ = {
			isa = XCBuildConfiguration;
			buildSettings = {
				ALWAYS_SEARCH_USER_PATHS = NO;
				CLANG_CXX_LANGUAGE_STANDARD = "gnu++0x";
				CLANG_CXX_LIBRARY = "libc++";
				CLANG_ENABLE_MODULES = YES;
				CLANG_ENABLE_OBJC_ARC = YES;
				CLANG_WARN_BOOL_CONVERSION = YES;
				CLANG_WARN_CONSTANT_CONVERSION = YES;
				CLANG_WARN_DIRECT_OBJC_ISA_USAGE = YES_ERROR;
				CLANG_WARN_EMPTY_BODY = YES;
				CLANG_WARN_ENUM_CONVERSION = YES;
				CLANG_WARN_INT_CONVERSION = YES;
				CLANG_WARN_OBJC_ROOT_CLASS = YES_ERROR;
				CLANG_WARN_UNREACHABLE_CODE = YES;
				CLANG_WARN__DUPLICATE_METHOD_MATCH = YES;
				"CODE_SIGN_IDENTITY[sdk=iphoneos*]" = "iPhone Developer";
				COPY_PHASE_STRIP = NO;
				DEBUG_INFORMATION_FORMAT = "dwarf-with-dsym";
				ENABLE_NS_ASSERTIONS = NO;
				ENABLE_STRICT_OBJC_MSGSEND = YES;
				GCC_C_LANGUAGE_STANDARD = gnu99;
				GCC_NO_COMMON_BLOCKS = YES;
				GCC_WARN_64_TO_32_BIT_CONVERSION = YES;
				GCC_WARN_ABOUT_RETURN_TYPE = YES_ERROR;
				GCC_WARN_UNDECLARED_SELECTOR = YES;
				GCC_WARN_UNINITIALIZED_AUTOS = YES_AGGRESSIVE;
				GCC_WARN_UNUSED_FUNCTION = YES;
				GCC_WARN_UNUSED_VARIABLE = YES;
				IPHONEOS_DEPLOYMENT_TARGET = 9.2;
				MTL_ENABLE_DEBUG_INFO = NO;
				SDKROOT = iphoneos;
				TARGETED_DEVICE_FAMILY = "1,2";
				VALIDATE_PRODUCT = YES;
			};
			name = Release;
		};
		79311B1C1CBEB90B00AF06BC /* Debug */ = {
			isa = XCBuildConfiguration;
			buildSettings = {
				ASSETCATALOG_COMPILER_APPICON_NAME = AppIcon;
				INFOPLIST_FILE = "Whisky By The Numbers/Info.plist";
				LD_RUNPATH_SEARCH_PATHS = "$(inherited) @executable_path/Frameworks";
				PRODUCT_BUNDLE_IDENTIFIER = "io.bynumbers.Whisky-By-The-Numbers";
				PRODUCT_NAME = "$(TARGET_NAME)";
			};
			name = Debug;
		};
		79311B1D1CBEB90B00AF06BC /* Release */ = {
			isa = XCBuildConfiguration;
			buildSettings = {
				ASSETCATALOG_COMPILER_APPICON_NAME = AppIcon;
				INFOPLIST_FILE = "Whisky By The Numbers/Info.plist";
				LD_RUNPATH_SEARCH_PATHS = "$(inherited) @executable_path/Frameworks";
				PRODUCT_BUNDLE_IDENTIFIER = "io.bynumbers.Whisky-By-The-Numbers";
				PRODUCT_NAME = "$(TARGET_NAME)";
			};
			name = Release;
		};
		79311B1F1CBEB90B00AF06BC /* Debug */ = {
			isa = XCBuildConfiguration;
			buildSettings = {
				BUNDLE_LOADER = "$(TEST_HOST)";
				INFOPLIST_FILE = "Whisky By The NumbersTests/Info.plist";
				LD_RUNPATH_SEARCH_PATHS = "$(inherited) @executable_path/Frameworks @loader_path/Frameworks";
				PRODUCT_BUNDLE_IDENTIFIER = "io.bynumbers.Whisky-By-The-NumbersTests";
				PRODUCT_NAME = "$(TARGET_NAME)";
				TEST_HOST = "$(BUILT_PRODUCTS_DIR)/Whisky By The Numbers.app/Whisky By The Numbers";
			};
			name = Debug;
		};
		79311B201CBEB90B00AF06BC /* Release */ = {
			isa = XCBuildConfiguration;
			buildSettings = {
				BUNDLE_LOADER = "$(TEST_HOST)";
				INFOPLIST_FILE = "Whisky By The NumbersTests/Info.plist";
				LD_RUNPATH_SEARCH_PATHS = "$(inherited) @executable_path/Frameworks @loader_path/Frameworks";
				PRODUCT_BUNDLE_IDENTIFIER = "io.bynumbers.Whisky-By-The-NumbersTests";
				PRODUCT_NAME = "$(TARGET_NAME)";
				TEST_HOST = "$(BUILT_PRODUCTS_DIR)/Whisky By The Numbers.app/Whisky By The Numbers";
			};
			name = Release;
		};
		79311B221CBEB90B00AF06BC /* Debug */ = {
			isa = XCBuildConfiguration;
			buildSettings = {
				INFOPLIST_FILE = "Whisky By The NumbersUITests/Info.plist";
				LD_RUNPATH_SEARCH_PATHS = "$(inherited) @executable_path/Frameworks @loader_path/Frameworks";
				PRODUCT_BUNDLE_IDENTIFIER = "io.bynumbers.Whisky-By-The-NumbersUITests";
				PRODUCT_NAME = "$(TARGET_NAME)";
				TEST_TARGET_NAME = "Whisky By The Numbers";
				USES_XCTRUNNER = YES;
			};
			name = Debug;
		};
		79311B231CBEB90B00AF06BC /* Release */ = {
			isa = XCBuildConfiguration;
			buildSettings = {
				INFOPLIST_FILE = "Whisky By The NumbersUITests/Info.plist";
				LD_RUNPATH_SEARCH_PATHS = "$(inherited) @executable_path/Frameworks @loader_path/Frameworks";
				PRODUCT_BUNDLE_IDENTIFIER = "io.bynumbers.Whisky-By-The-NumbersUITests";
				PRODUCT_NAME = "$(TARGET_NAME)";
				TEST_TARGET_NAME = "Whisky By The Numbers";
				USES_XCTRUNNER = YES;
			};
			name = Release;
		};
/* End XCBuildConfiguration section */

/* Begin XCConfigurationList section */
		79311AEC1CBEB90A00AF06BC /* Build configuration list for PBXProject "Whisky By The Numbers" */ = {
			isa = XCConfigurationList;
			buildConfigurations = (
				79311B191CBEB90B00AF06BC /* Debug */,
				79311B1A1CBEB90B00AF06BC /* Release */,
			);
			defaultConfigurationIsVisible = 0;
			defaultConfigurationName = Release;
		};
		79311B1B1CBEB90B00AF06BC /* Build configuration list for PBXNativeTarget "Whisky By The Numbers" */ = {
			isa = XCConfigurationList;
			buildConfigurations = (
				79311B1C1CBEB90B00AF06BC /* Debug */,
				79311B1D1CBEB90B00AF06BC /* Release */,
			);
			defaultConfigurationIsVisible = 0;
		};
		79311B1E1CBEB90B00AF06BC /* Build configuration list for PBXNativeTarget "Whisky By The NumbersTests" */ = {
			isa = XCConfigurationList;
			buildConfigurations = (
				79311B1F1CBEB90B00AF06BC /* Debug */,
				79311B201CBEB90B00AF06BC /* Release */,
			);
			defaultConfigurationIsVisible = 0;
		};
		79311B211CBEB90B00AF06BC /* Build configuration list for PBXNativeTarget "Whisky By The NumbersUITests" */ = {
			isa = XCConfigurationList;
			buildConfigurations = (
				79311B221CBEB90B00AF06BC /* Debug */,
				79311B231CBEB90B00AF06BC /* Release */,
			);
			defaultConfigurationIsVisible = 0;
		};
/* End XCConfigurationList section */
	};
	rootObject = 79311AE91CBEB90A00AF06BC /* Project object */;
}
